// !$*UTF8*$!
{
	archiveVersion = 1;
	classes = {
	};
	objectVersion = 50;
	objects = {

/* Begin PBXBuildFile section */
		2906DFEB25D2A701009E56A1 /* StateButton.swift in Sources */ = {isa = PBXBuildFile; fileRef = 2906DFEA25D2A700009E56A1 /* StateButton.swift */; };
		2906DFEF25D2BC6A009E56A1 /* AlarmButton.swift in Sources */ = {isa = PBXBuildFile; fileRef = 2906DFEE25D2BC6A009E56A1 /* AlarmButton.swift */; };
		2906DFF325D2BDAE009E56A1 /* RadiusButton.swift in Sources */ = {isa = PBXBuildFile; fileRef = 2906DFF225D2BDAE009E56A1 /* RadiusButton.swift */; };
		2941B3A325D4153100D933DA /* ContentView.swift in Sources */ = {isa = PBXBuildFile; fileRef = 2941B3A225D4153100D933DA /* ContentView.swift */; };
		29438CF725D070060093F5CC /* MenuView.swift in Sources */ = {isa = PBXBuildFile; fileRef = 29438CF625D070060093F5CC /* MenuView.swift */; };
		29438CFA25D074870093F5CC /* ZoomView.swift in Sources */ = {isa = PBXBuildFile; fileRef = 29438CF925D074870093F5CC /* ZoomView.swift */; };
		2949E44E25D04326007EC977 /* Location.swift in Sources */ = {isa = PBXBuildFile; fileRef = 2949E44D25D04326007EC977 /* Location.swift */; };
		2949E45125D04440007EC977 /* ModelData.swift in Sources */ = {isa = PBXBuildFile; fileRef = 2949E45025D04440007EC977 /* ModelData.swift */; };
		2949E45925D04733007EC977 /* locationData.json in Resources */ = {isa = PBXBuildFile; fileRef = 2949E45825D04733007EC977 /* locationData.json */; };
		2949E45C25D04A44007EC977 /* LocationRow.swift in Sources */ = {isa = PBXBuildFile; fileRef = 2949E45B25D04A44007EC977 /* LocationRow.swift */; };
		29EB0CE625D0383D00677BAF /* GeofenceApp.swift in Sources */ = {isa = PBXBuildFile; fileRef = 29EB0CE525D0383D00677BAF /* GeofenceApp.swift */; };
		29EB0CE825D0383D00677BAF /* GeofenceListView.swift in Sources */ = {isa = PBXBuildFile; fileRef = 29EB0CE725D0383D00677BAF /* GeofenceListView.swift */; };
		29EB0CEA25D0383E00677BAF /* Assets.xcassets in Resources */ = {isa = PBXBuildFile; fileRef = 29EB0CE925D0383E00677BAF /* Assets.xcassets */; };
		29EB0CED25D0383E00677BAF /* Preview Assets.xcassets in Resources */ = {isa = PBXBuildFile; fileRef = 29EB0CEC25D0383E00677BAF /* Preview Assets.xcassets */; };
		29EB0CF625D039E400677BAF /* GeofenceEditView.swift in Sources */ = {isa = PBXBuildFile; fileRef = 29EB0CF525D039E400677BAF /* GeofenceEditView.swift */; };
		29EB8B3025D06532005CD276 /* View+Extensions.swift in Sources */ = {isa = PBXBuildFile; fileRef = 29EB8B2F25D06532005CD276 /* View+Extensions.swift */; };
		29EB8B3325D06546005CD276 /* RoundedCorners.swift in Sources */ = {isa = PBXBuildFile; fileRef = 29EB8B3225D06546005CD276 /* RoundedCorners.swift */; };
		29EB8B3825D06CE4005CD276 /* MapView.swift in Sources */ = {isa = PBXBuildFile; fileRef = 29EB8B3725D06CE4005CD276 /* MapView.swift */; };
		29FDEB9B25D473FD002B2E4C /* CircleView.swift in Sources */ = {isa = PBXBuildFile; fileRef = 29FDEB9A25D473FD002B2E4C /* CircleView.swift */; };
/* End PBXBuildFile section */

/* Begin PBXFileReference section */
		2906DFEA25D2A700009E56A1 /* StateButton.swift */ = {isa = PBXFileReference; lastKnownFileType = sourcecode.swift; path = StateButton.swift; sourceTree = "<group>"; };
		2906DFEE25D2BC6A009E56A1 /* AlarmButton.swift */ = {isa = PBXFileReference; lastKnownFileType = sourcecode.swift; path = AlarmButton.swift; sourceTree = "<group>"; };
		2906DFF225D2BDAE009E56A1 /* RadiusButton.swift */ = {isa = PBXFileReference; lastKnownFileType = sourcecode.swift; path = RadiusButton.swift; sourceTree = "<group>"; };
		2941B3A225D4153100D933DA /* ContentView.swift */ = {isa = PBXFileReference; lastKnownFileType = sourcecode.swift; path = ContentView.swift; sourceTree = "<group>"; };
		29438CF625D070060093F5CC /* MenuView.swift */ = {isa = PBXFileReference; lastKnownFileType = sourcecode.swift; path = MenuView.swift; sourceTree = "<group>"; };
		29438CF925D074870093F5CC /* ZoomView.swift */ = {isa = PBXFileReference; lastKnownFileType = sourcecode.swift; path = ZoomView.swift; sourceTree = "<group>"; };
		2949E44D25D04326007EC977 /* Location.swift */ = {isa = PBXFileReference; lastKnownFileType = sourcecode.swift; path = Location.swift; sourceTree = "<group>"; };
		2949E45025D04440007EC977 /* ModelData.swift */ = {isa = PBXFileReference; lastKnownFileType = sourcecode.swift; path = ModelData.swift; sourceTree = "<group>"; };
		2949E45825D04733007EC977 /* locationData.json */ = {isa = PBXFileReference; fileEncoding = 4; lastKnownFileType = text.json; path = locationData.json; sourceTree = "<group>"; };
		2949E45B25D04A44007EC977 /* LocationRow.swift */ = {isa = PBXFileReference; lastKnownFileType = sourcecode.swift; path = LocationRow.swift; sourceTree = "<group>"; };
		29EB0CE225D0383D00677BAF /* Geofence.app */ = {isa = PBXFileReference; explicitFileType = wrapper.application; includeInIndex = 0; path = Geofence.app; sourceTree = BUILT_PRODUCTS_DIR; };
		29EB0CE525D0383D00677BAF /* GeofenceApp.swift */ = {isa = PBXFileReference; lastKnownFileType = sourcecode.swift; path = GeofenceApp.swift; sourceTree = "<group>"; };
		29EB0CE725D0383D00677BAF /* GeofenceListView.swift */ = {isa = PBXFileReference; lastKnownFileType = sourcecode.swift; path = GeofenceListView.swift; sourceTree = "<group>"; };
		29EB0CE925D0383E00677BAF /* Assets.xcassets */ = {isa = PBXFileReference; lastKnownFileType = folder.assetcatalog; path = Assets.xcassets; sourceTree = "<group>"; };
		29EB0CEC25D0383E00677BAF /* Preview Assets.xcassets */ = {isa = PBXFileReference; lastKnownFileType = folder.assetcatalog; path = "Preview Assets.xcassets"; sourceTree = "<group>"; };
		29EB0CEE25D0383E00677BAF /* Info.plist */ = {isa = PBXFileReference; lastKnownFileType = text.plist.xml; path = Info.plist; sourceTree = "<group>"; };
		29EB0CF525D039E400677BAF /* GeofenceEditView.swift */ = {isa = PBXFileReference; lastKnownFileType = sourcecode.swift; path = GeofenceEditView.swift; sourceTree = "<group>"; };
		29EB8B2F25D06532005CD276 /* View+Extensions.swift */ = {isa = PBXFileReference; lastKnownFileType = sourcecode.swift; path = "View+Extensions.swift"; sourceTree = "<group>"; };
		29EB8B3225D06546005CD276 /* RoundedCorners.swift */ = {isa = PBXFileReference; lastKnownFileType = sourcecode.swift; path = RoundedCorners.swift; sourceTree = "<group>"; };
		29EB8B3725D06CE4005CD276 /* MapView.swift */ = {isa = PBXFileReference; lastKnownFileType = sourcecode.swift; path = MapView.swift; sourceTree = "<group>"; };
		29FDEB9A25D473FD002B2E4C /* CircleView.swift */ = {isa = PBXFileReference; lastKnownFileType = sourcecode.swift; path = CircleView.swift; sourceTree = "<group>"; };
/* End PBXFileReference section */

/* Begin PBXFrameworksBuildPhase section */
		29EB0CDF25D0383D00677BAF /* Frameworks */ = {
			isa = PBXFrameworksBuildPhase;
			buildActionMask = 2147483647;
			files = (
			);
			runOnlyForDeploymentPostprocessing = 0;
		};
/* End PBXFrameworksBuildPhase section */

/* Begin PBXGroup section */
		2949E45325D044D0007EC977 /* Views */ = {
			isa = PBXGroup;
			children = (
				2949E45B25D04A44007EC977 /* LocationRow.swift */,
				2906DFEA25D2A700009E56A1 /* StateButton.swift */,
				29EB8B2F25D06532005CD276 /* View+Extensions.swift */,
				29EB8B3225D06546005CD276 /* RoundedCorners.swift */,
				29EB8B3725D06CE4005CD276 /* MapView.swift */,
				29438CF625D070060093F5CC /* MenuView.swift */,
				29438CF925D074870093F5CC /* ZoomView.swift */,
				2906DFEE25D2BC6A009E56A1 /* AlarmButton.swift */,
				2906DFF225D2BDAE009E56A1 /* RadiusButton.swift */,
				29FDEB9A25D473FD002B2E4C /* CircleView.swift */,
			);
			path = Views;
			sourceTree = "<group>";
		};
		2949E45425D044E4007EC977 /* Model */ = {
			isa = PBXGroup;
			children = (
				2949E44D25D04326007EC977 /* Location.swift */,
				2949E45025D04440007EC977 /* ModelData.swift */,
			);
			path = Model;
			sourceTree = "<group>";
		};
		2949E45525D044ED007EC977 /* Resources */ = {
			isa = PBXGroup;
			children = (
				2949E45825D04733007EC977 /* locationData.json */,
			);
			path = Resources;
			sourceTree = "<group>";
		};
		29EB0CD925D0383D00677BAF = {
			isa = PBXGroup;
			children = (
				29EB0CE425D0383D00677BAF /* Geofence */,
				29EB0CE325D0383D00677BAF /* Products */,
			);
			sourceTree = "<group>";
		};
		29EB0CE325D0383D00677BAF /* Products */ = {
			isa = PBXGroup;
			children = (
				29EB0CE225D0383D00677BAF /* Geofence.app */,
			);
			name = Products;
			sourceTree = "<group>";
		};
		29EB0CE425D0383D00677BAF /* Geofence */ = {
			isa = PBXGroup;
			children = (
				29EB0CE525D0383D00677BAF /* GeofenceApp.swift */,
				29EB8B3525D0691E005CD276 /* App Views */,
				2949E45325D044D0007EC977 /* Views */,
				2949E45525D044ED007EC977 /* Resources */,
				2949E45425D044E4007EC977 /* Model */,
				29EB0CE925D0383E00677BAF /* Assets.xcassets */,
				29EB0CEE25D0383E00677BAF /* Info.plist */,
				29EB0CEB25D0383E00677BAF /* Preview Content */,
			);
			path = Geofence;
			sourceTree = "<group>";
		};
		29EB0CEB25D0383E00677BAF /* Preview Content */ = {
			isa = PBXGroup;
			children = (
				29EB0CEC25D0383E00677BAF /* Preview Assets.xcassets */,
			);
			path = "Preview Content";
			sourceTree = "<group>";
		};
		29EB8B3525D0691E005CD276 /* App Views */ = {
			isa = PBXGroup;
			children = (
				29EB0CE725D0383D00677BAF /* GeofenceListView.swift */,
				29EB0CF525D039E400677BAF /* GeofenceEditView.swift */,
				2941B3A225D4153100D933DA /* ContentView.swift */,
			);
			path = "App Views";
			sourceTree = "<group>";
		};
/* End PBXGroup section */

/* Begin PBXNativeTarget section */
		29EB0CE125D0383D00677BAF /* Geofence */ = {
			isa = PBXNativeTarget;
			buildConfigurationList = 29EB0CF125D0383E00677BAF /* Build configuration list for PBXNativeTarget "Geofence" */;
			buildPhases = (
				29EB0CDE25D0383D00677BAF /* Sources */,
				29EB0CDF25D0383D00677BAF /* Frameworks */,
				29EB0CE025D0383D00677BAF /* Resources */,
			);
			buildRules = (
			);
			dependencies = (
			);
			name = Geofence;
			productName = Geofence;
			productReference = 29EB0CE225D0383D00677BAF /* Geofence.app */;
			productType = "com.apple.product-type.application";
		};
/* End PBXNativeTarget section */

/* Begin PBXProject section */
		29EB0CDA25D0383D00677BAF /* Project object */ = {
			isa = PBXProject;
			attributes = {
				LastSwiftUpdateCheck = 1240;
				LastUpgradeCheck = 1240;
				TargetAttributes = {
					29EB0CE125D0383D00677BAF = {
						CreatedOnToolsVersion = 12.4;
					};
				};
			};
			buildConfigurationList = 29EB0CDD25D0383D00677BAF /* Build configuration list for PBXProject "Geofence" */;
			compatibilityVersion = "Xcode 9.3";
			developmentRegion = en;
			hasScannedForEncodings = 0;
			knownRegions = (
				en,
				Base,
			);
			mainGroup = 29EB0CD925D0383D00677BAF;
			productRefGroup = 29EB0CE325D0383D00677BAF /* Products */;
			projectDirPath = "";
			projectRoot = "";
			targets = (
				29EB0CE125D0383D00677BAF /* Geofence */,
			);
		};
/* End PBXProject section */

/* Begin PBXResourcesBuildPhase section */
		29EB0CE025D0383D00677BAF /* Resources */ = {
			isa = PBXResourcesBuildPhase;
			buildActionMask = 2147483647;
			files = (
				29EB0CED25D0383E00677BAF /* Preview Assets.xcassets in Resources */,
				29EB0CEA25D0383E00677BAF /* Assets.xcassets in Resources */,
				2949E45925D04733007EC977 /* locationData.json in Resources */,
			);
			runOnlyForDeploymentPostprocessing = 0;
		};
/* End PBXResourcesBuildPhase section */

/* Begin PBXSourcesBuildPhase section */
		29EB0CDE25D0383D00677BAF /* Sources */ = {
			isa = PBXSourcesBuildPhase;
			buildActionMask = 2147483647;
			files = (
				29438CFA25D074870093F5CC /* ZoomView.swift in Sources */,
				2906DFEB25D2A701009E56A1 /* StateButton.swift in Sources */,
				29EB0CE825D0383D00677BAF /* GeofenceListView.swift in Sources */,
				29EB0CE625D0383D00677BAF /* GeofenceApp.swift in Sources */,
				2949E45125D04440007EC977 /* ModelData.swift in Sources */,
				29EB8B3025D06532005CD276 /* View+Extensions.swift in Sources */,
				29EB8B3325D06546005CD276 /* RoundedCorners.swift in Sources */,
				2906DFF325D2BDAE009E56A1 /* RadiusButton.swift in Sources */,
				29FDEB9B25D473FD002B2E4C /* CircleView.swift in Sources */,
				29438CF725D070060093F5CC /* MenuView.swift in Sources */,
				2949E44E25D04326007EC977 /* Location.swift in Sources */,
				29EB0CF625D039E400677BAF /* GeofenceEditView.swift in Sources */,
				2941B3A325D4153100D933DA /* ContentView.swift in Sources */,
				29EB8B3825D06CE4005CD276 /* MapView.swift in Sources */,
				2906DFEF25D2BC6A009E56A1 /* AlarmButton.swift in Sources */,
				2949E45C25D04A44007EC977 /* LocationRow.swift in Sources */,
			);
			runOnlyForDeploymentPostprocessing = 0;
		};
/* End PBXSourcesBuildPhase section */

/* Begin XCBuildConfiguration section */
		29EB0CEF25D0383E00677BAF /* Debug */ = {
			isa = XCBuildConfiguration;
			buildSettings = {
				ALWAYS_SEARCH_USER_PATHS = NO;
				CLANG_ANALYZER_NONNULL = YES;
				CLANG_ANALYZER_NUMBER_OBJECT_CONVERSION = YES_AGGRESSIVE;
				CLANG_CXX_LANGUAGE_STANDARD = "gnu++14";
				CLANG_CXX_LIBRARY = "libc++";
				CLANG_ENABLE_MODULES = YES;
				CLANG_ENABLE_OBJC_ARC = YES;
				CLANG_ENABLE_OBJC_WEAK = YES;
				CLANG_WARN_BLOCK_CAPTURE_AUTORELEASING = YES;
				CLANG_WARN_BOOL_CONVERSION = YES;
				CLANG_WARN_COMMA = YES;
				CLANG_WARN_CONSTANT_CONVERSION = YES;
				CLANG_WARN_DEPRECATED_OBJC_IMPLEMENTATIONS = YES;
				CLANG_WARN_DIRECT_OBJC_ISA_USAGE = YES_ERROR;
				CLANG_WARN_DOCUMENTATION_COMMENTS = YES;
				CLANG_WARN_EMPTY_BODY = YES;
				CLANG_WARN_ENUM_CONVERSION = YES;
				CLANG_WARN_INFINITE_RECURSION = YES;
				CLANG_WARN_INT_CONVERSION = YES;
				CLANG_WARN_NON_LITERAL_NULL_CONVERSION = YES;
				CLANG_WARN_OBJC_IMPLICIT_RETAIN_SELF = YES;
				CLANG_WARN_OBJC_LITERAL_CONVERSION = YES;
				CLANG_WARN_OBJC_ROOT_CLASS = YES_ERROR;
				CLANG_WARN_QUOTED_INCLUDE_IN_FRAMEWORK_HEADER = YES;
				CLANG_WARN_RANGE_LOOP_ANALYSIS = YES;
				CLANG_WARN_STRICT_PROTOTYPES = YES;
				CLANG_WARN_SUSPICIOUS_MOVE = YES;
				CLANG_WARN_UNGUARDED_AVAILABILITY = YES_AGGRESSIVE;
				CLANG_WARN_UNREACHABLE_CODE = YES;
				CLANG_WARN__DUPLICATE_METHOD_MATCH = YES;
				COPY_PHASE_STRIP = NO;
				DEBUG_INFORMATION_FORMAT = dwarf;
				ENABLE_STRICT_OBJC_MSGSEND = YES;
				ENABLE_TESTABILITY = YES;
				GCC_C_LANGUAGE_STANDARD = gnu11;
				GCC_DYNAMIC_NO_PIC = NO;
				GCC_NO_COMMON_BLOCKS = YES;
				GCC_OPTIMIZATION_LEVEL = 0;
				GCC_PREPROCESSOR_DEFINITIONS = (
					"DEBUG=1",
					"$(inherited)",
				);
				GCC_WARN_64_TO_32_BIT_CONVERSION = YES;
				GCC_WARN_ABOUT_RETURN_TYPE = YES_ERROR;
				GCC_WARN_UNDECLARED_SELECTOR = YES;
				GCC_WARN_UNINITIALIZED_AUTOS = YES_AGGRESSIVE;
				GCC_WARN_UNUSED_FUNCTION = YES;
				GCC_WARN_UNUSED_VARIABLE = YES;
				IPHONEOS_DEPLOYMENT_TARGET = 14.1;
				MTL_ENABLE_DEBUG_INFO = INCLUDE_SOURCE;
				MTL_FAST_MATH = YES;
				ONLY_ACTIVE_ARCH = YES;
				SDKROOT = iphoneos;
				SWIFT_ACTIVE_COMPILATION_CONDITIONS = DEBUG;
				SWIFT_OPTIMIZATION_LEVEL = "-Onone";
			};
			name = Debug;
		};
		29EB0CF025D0383E00677BAF /* Release */ = {
			isa = XCBuildConfiguration;
			buildSettings = {
				ALWAYS_SEARCH_USER_PATHS = NO;
				CLANG_ANALYZER_NONNULL = YES;
				CLANG_ANALYZER_NUMBER_OBJECT_CONVERSION = YES_AGGRESSIVE;
				CLANG_CXX_LANGUAGE_STANDARD = "gnu++14";
				CLANG_CXX_LIBRARY = "libc++";
				CLANG_ENABLE_MODULES = YES;
				CLANG_ENABLE_OBJC_ARC = YES;
				CLANG_ENABLE_OBJC_WEAK = YES;
				CLANG_WARN_BLOCK_CAPTURE_AUTORELEASING = YES;
				CLANG_WARN_BOOL_CONVERSION = YES;
				CLANG_WARN_COMMA = YES;
				CLANG_WARN_CONSTANT_CONVERSION = YES;
				CLANG_WARN_DEPRECATED_OBJC_IMPLEMENTATIONS = YES;
				CLANG_WARN_DIRECT_OBJC_ISA_USAGE = YES_ERROR;
				CLANG_WARN_DOCUMENTATION_COMMENTS = YES;
				CLANG_WARN_EMPTY_BODY = YES;
				CLANG_WARN_ENUM_CONVERSION = YES;
				CLANG_WARN_INFINITE_RECURSION = YES;
				CLANG_WARN_INT_CONVERSION = YES;
				CLANG_WARN_NON_LITERAL_NULL_CONVERSION = YES;
				CLANG_WARN_OBJC_IMPLICIT_RETAIN_SELF = YES;
				CLANG_WARN_OBJC_LITERAL_CONVERSION = YES;
				CLANG_WARN_OBJC_ROOT_CLASS = YES_ERROR;
				CLANG_WARN_QUOTED_INCLUDE_IN_FRAMEWORK_HEADER = YES;
				CLANG_WARN_RANGE_LOOP_ANALYSIS = YES;
				CLANG_WARN_STRICT_PROTOTYPES = YES;
				CLANG_WARN_SUSPICIOUS_MOVE = YES;
				CLANG_WARN_UNGUARDED_AVAILABILITY = YES_AGGRESSIVE;
				CLANG_WARN_UNREACHABLE_CODE = YES;
				CLANG_WARN__DUPLICATE_METHOD_MATCH = YES;
				COPY_PHASE_STRIP = NO;
				DEBUG_INFORMATION_FORMAT = "dwarf-with-dsym";
				ENABLE_NS_ASSERTIONS = NO;
				ENABLE_STRICT_OBJC_MSGSEND = YES;
				GCC_C_LANGUAGE_STANDARD = gnu11;
				GCC_NO_COMMON_BLOCKS = YES;
				GCC_WARN_64_TO_32_BIT_CONVERSION = YES;
				GCC_WARN_ABOUT_RETURN_TYPE = YES_ERROR;
				GCC_WARN_UNDECLARED_SELECTOR = YES;
				GCC_WARN_UNINITIALIZED_AUTOS = YES_AGGRESSIVE;
				GCC_WARN_UNUSED_FUNCTION = YES;
				GCC_WARN_UNUSED_VARIABLE = YES;
				IPHONEOS_DEPLOYMENT_TARGET = 14.1;
				MTL_ENABLE_DEBUG_INFO = NO;
				MTL_FAST_MATH = YES;
				SDKROOT = iphoneos;
				SWIFT_COMPILATION_MODE = wholemodule;
				SWIFT_OPTIMIZATION_LEVEL = "-O";
				VALIDATE_PRODUCT = YES;
			};
			name = Release;
		};
		29EB0CF225D0383E00677BAF /* Debug */ = {
			isa = XCBuildConfiguration;
			buildSettings = {
				ASSETCATALOG_COMPILER_APPICON_NAME = AppIcon;
				ASSETCATALOG_COMPILER_GLOBAL_ACCENT_COLOR_NAME = AccentColor;
				CODE_SIGN_STYLE = Automatic;
				DEVELOPMENT_ASSET_PATHS = "\"Geofence/Preview Content\"";
				DEVELOPMENT_TEAM = 2EAU56KA4T;
				ENABLE_PREVIEWS = YES;
				INFOPLIST_FILE = Geofence/Info.plist;
				IPHONEOS_DEPLOYMENT_TARGET = 14.1;
				LD_RUNPATH_SEARCH_PATHS = (
					"$(inherited)",
					"@executable_path/Frameworks",
				);
				PRODUCT_BUNDLE_IDENTIFIER = com.madfive.Geofence;
				PRODUCT_NAME = "$(TARGET_NAME)";
				SWIFT_COMPILATION_MODE = wholemodule;
				SWIFT_VERSION = 5.0;
				TARGETED_DEVICE_FAMILY = "1,2";
			};
			name = Debug;
		};
		29EB0CF325D0383E00677BAF /* Release */ = {
			isa = XCBuildConfiguration;
			buildSettings = {
				ASSETCATALOG_COMPILER_APPICON_NAME = AppIcon;
				ASSETCATALOG_COMPILER_GLOBAL_ACCENT_COLOR_NAME = AccentColor;
				CODE_SIGN_STYLE = Automatic;
				DEVELOPMENT_ASSET_PATHS = "\"Geofence/Preview Content\"";
				DEVELOPMENT_TEAM = 2EAU56KA4T;
				ENABLE_PREVIEWS = YES;
				INFOPLIST_FILE = Geofence/Info.plist;
				IPHONEOS_DEPLOYMENT_TARGET = 14.1;
				LD_RUNPATH_SEARCH_PATHS = (
					"$(inherited)",
					"@executable_path/Frameworks",
				);
				PRODUCT_BUNDLE_IDENTIFIER = com.madfive.Geofence;
				PRODUCT_NAME = "$(TARGET_NAME)";
				SWIFT_VERSION = 5.0;
				TARGETED_DEVICE_FAMILY = "1,2";
			};
			name = Release;
		};
/* End XCBuildConfiguration section */

/* Begin XCConfigurationList section */
		29EB0CDD25D0383D00677BAF /* Build configuration list for PBXProject "Geofence" */ = {
			isa = XCConfigurationList;
			buildConfigurations = (
				29EB0CEF25D0383E00677BAF /* Debug */,
				29EB0CF025D0383E00677BAF /* Release */,
			);
			defaultConfigurationIsVisible = 0;
			defaultConfigurationName = Release;
		};
		29EB0CF125D0383E00677BAF /* Build configuration list for PBXNativeTarget "Geofence" */ = {
			isa = XCConfigurationList;
			buildConfigurations = (
				29EB0CF225D0383E00677BAF /* Debug */,
				29EB0CF325D0383E00677BAF /* Release */,
			);
			defaultConfigurationIsVisible = 0;
			defaultConfigurationName = Release;
		};
/* End XCConfigurationList section */
	};
	rootObject = 29EB0CDA25D0383D00677BAF /* Project object */;
}
